hash: 6d3cd85fe2793a00610e8a4f51dfc1c4d1af24adb38f5c5c272f342fd05c5cec
updated: 2017-08-19T23:02:04.935210527-06:00
imports:
- name: golang.org/x/crypto
  version: 453249f01cfeb54c3d549ddb75ff152ca243f9d8
  subpackages:
  - ssh/terminal
- name: golang.org/x/sys
  version: aaabbdc969c3935a2a7f61efac801e7163c73a2a
  subpackages:
  - unix
- name: gopkg.in/yaml.v2
  version: a3f3340b5840cee44f372bddb5880fcbc419b46a
testImports: []
